{
  "name": "distjp.github.io",
  "version": "1.0.0",
  "lockfileVersion": 2,
  "requires": true,
  "packages": {
    "": {
      "name": "distjp.github.io",
      "version": "1.0.0",
      "license": "MIT",
      "dependencies": {
        "hint.css": "^2.0.0"
      }
    },
    "node_modules/hint.css": {
      "version": "2.7.0",
      "resolved": "https://registry.npmjs.org/hint.css/-/hint.css-2.7.0.tgz",
      "integrity": "sha512-kNtr/oXTOFA+qYLFAHY1dKVKZuAbavCPB22+w9kaFzqjB9ZLSFJyksxrVsJCphQiQxAYLazXZdrOaGLRe0hZMA=="
    }
  },
  "dependencies": {
    "hint.css": {
      "version": "2.7.0",
      "resolved": "https://registry.npmjs.org/hint.css/-/hint.css-2.7.0.tgz",
      "integrity": "sha512-kNtr/oXTOFA+qYLFAHY1dKVKZuAbavCPB22+w9kaFzqjB9ZLSFJyksxrVsJCphQiQxAYLazXZdrOaGLRe0hZMA=="
    }
  }
}
